
Microsoft Visual Studio Solution File, Format Version 12.00
# Visual Studio Version 17
VisualStudioVersion = 17.2.32630.192
MinimumVisualStudioVersion = 10.0.40219.1
Project("{FAE04EC0-301F-11D3-BF4B-00C04F79EFBC}") = "FiaLang", "FiaLang.csproj", "{F353F846-854A-4C9F-9207-119CAD6665AB}"
EndProject
Global
	GlobalSection(SolutionConfigurationPlatforms) = preSolution
		Debug|Any CPU = Debug|Any CPU
		Release|Any CPU = Release|Any CPU
	EndGlobalSection
	GlobalSection(ProjectConfigurationPlatforms) = postSolution
		{F353F846-854A-4C9F-9207-119CAD6665AB}.Debug|Any CPU.ActiveCfg = Debug|Any CPU
		{F353F846-854A-4C9F-9207-119CAD6665AB}.Debug|Any CPU.Build.0 = Debug|Any CPU
		{F353F846-854A-4C9F-9207-119CAD6665AB}.Release|Any CPU.ActiveCfg = Release|Any CPU
		{F353F846-854A-4C9F-9207-119CAD6665AB}.Release|Any CPU.Build.0 = Release|Any CPU
	EndGlobalSection
	GlobalSection(SolutionProperties) = preSolution
		HideSolutionNode = FALSE
	EndGlobalSection
	GlobalSection(ExtensibilityGlobals) = postSolution
		SolutionGuid = {C094273C-4968-4F28-A1A8-5C6BFEF9A394}
	EndGlobalSection
EndGlobal
